
Microsoft Visual Studio Solution File, Format Version 12.00
# Visual Studio Version 16
VisualStudioVersion = 25.0.1703.8
MinimumVisualStudioVersion = 10.0.40219.1
Project("{FAE04EC0-301F-11D3-BF4B-00C04F79EFBC}") = "GrindTasks", "GrindTasks.csproj", "{8E682403-0D4E-45FB-8ACE-AAF4F2DBAE53}"
EndProject
Global
	GlobalSection(SolutionConfigurationPlatforms) = preSolution
		Debug|Any CPU = Debug|Any CPU
		Release|Any CPU = Release|Any CPU
	EndGlobalSection
	GlobalSection(ProjectConfigurationPlatforms) = postSolution
		{8E682403-0D4E-45FB-8ACE-AAF4F2DBAE53}.Debug|Any CPU.ActiveCfg = Debug|Any CPU
		{8E682403-0D4E-45FB-8ACE-AAF4F2DBAE53}.Debug|Any CPU.Build.0 = Debug|Any CPU
		{8E682403-0D4E-45FB-8ACE-AAF4F2DBAE53}.Release|Any CPU.ActiveCfg = Release|Any CPU
		{8E682403-0D4E-45FB-8ACE-AAF4F2DBAE53}.Release|Any CPU.Build.0 = Release|Any CPU
	EndGlobalSection
	GlobalSection(SolutionProperties) = preSolution
		HideSolutionNode = FALSE
	EndGlobalSection
	GlobalSection(ExtensibilityGlobals) = postSolution
		SolutionGuid = {10BDBB8B-6CAF-4350-9597-8BF32825FCD0}
	EndGlobalSection
EndGlobal
